<?xml version="1.0" encoding="utf-8"?>
<Project ToolsVersion="4.0" xmlns="http://schemas.microsoft.com/developer/msbuild/2003">
  <ItemGroup>
    <Filter Include="Real">
      <UniqueIdentifier>{29C18B7C-15F8-8C0D-BEE4-7210AAFA080F}</UniqueIdentifier>
    </Filter>
    <Filter Include="Real\Events">
      <UniqueIdentifier>{ED64A9D5-591A-22CB-E20E-1CA24EC318CF}</UniqueIdentifier>
    </Filter>
    <Filter Include="Real\Platform">
      <UniqueIdentifier>{9D5BB401-091C-3038-D256-79B53ED67414}</UniqueIdentifier>
    </Filter>
    <Filter Include="Real\Platform\Windows">
      <UniqueIdentifier>{D7523EA8-43BF-F9A2-0CB3-910078DE1B0B}</UniqueIdentifier>
    </Filter>
  </ItemGroup>
  <ItemGroup>
    <ClInclude Include="src\Real.h" />
    <ClInclude Include="src\Real\Application.h">
      <Filter>Real</Filter>
    </ClInclude>
    <ClInclude Include="src\Real\Core.h">
      <Filter>Real</Filter>
    </ClInclude>
    <ClInclude Include="src\Real\EntryPoint.h">
      <Filter>Real</Filter>
    </ClInclude>
    <ClInclude Include="src\Real\Events\ApplicationEvent.h">
      <Filter>Real\Events</Filter>
    </ClInclude>
    <ClInclude Include="src\Real\Events\Event.h">
      <Filter>Real\Events</Filter>
    </ClInclude>
    <ClInclude Include="src\Real\Events\KeyEvent.h">
      <Filter>Real\Events</Filter>
    </ClInclude>
    <ClInclude Include="src\Real\Events\MouseEvent.h">
      <Filter>Real\Events</Filter>
    </ClInclude>
    <ClInclude Include="src\Real\Log.h">
      <Filter>Real</Filter>
    </ClInclude>
    <ClInclude Include="src\Real\Platform\Windows\WindowsWindow.h">
      <Filter>Real\Platform\Windows</Filter>
    </ClInclude>
    <ClInclude Include="src\Real\Window.h">
      <Filter>Real</Filter>
    </ClInclude>
    <ClInclude Include="src\repch.h" />
  </ItemGroup>
  <ItemGroup>
    <ClCompile Include="src\Real\Application.cpp">
      <Filter>Real</Filter>
    </ClCompile>
    <ClCompile Include="src\Real\Log.cpp">
      <Filter>Real</Filter>
    </ClCompile>
    <ClCompile Include="src\Real\Platform\Windows\WindowsWindow.cpp">
      <Filter>Real\Platform\Windows</Filter>
    </ClCompile>
    <ClCompile Include="src\repch.cpp" />
  </ItemGroup>
</Project>